
Microsoft Visual Studio Solution File, Format Version 12.00
Project("{FAE04EC0-301F-11D3-BF4B-00C04F79EFBC}") = "zOrdo", "zOrdo\zOrdo.csproj", "{EF345C28-93E1-4A11-87AB-E200C991E727}"
EndProject
Project("{FAE04EC0-301F-11D3-BF4B-00C04F79EFBC}") = "zOrdo.Services", "zOrdo.Services\zOrdo.Services.csproj", "{544C92E8-5476-44E4-9146-2E5EF02BB5C2}"
EndProject
Project("{FAE04EC0-301F-11D3-BF4B-00C04F79EFBC}") = "zOrdo.Repositories", "zOrdo.Repositories\zOrdo.Repositories.csproj", "{ECA0D056-DAFA-4FA3-BF6F-0287F6A0660D}"
EndProject
Project("{FAE04EC0-301F-11D3-BF4B-00C04F79EFBC}") = "zOrdo.Models", "zOrdo.Models\zOrdo.Models.csproj", "{C1E10674-89B4-4A71-874C-845A251ED216}"
EndProject
Project("{FAE04EC0-301F-11D3-BF4B-00C04F79EFBC}") = "zOrdo.DatabaseApi", "zOrdo.DatabaseApi\zOrdo.DatabaseApi.csproj", "{B4F0D192-8FDF-4FCD-A36C-B68AB09F5298}"
EndProject
Project("{FAE04EC0-301F-11D3-BF4B-00C04F79EFBC}") = "zOrdo.Middleware", "zOrdo.Middleware\zOrdo.Middleware.csproj", "{56184D8F-3726-4A90-B512-EAEC1245F2EF}"
EndProject
Project("{FAE04EC0-301F-11D3-BF4B-00C04F79EFBC}") = "zOrdo.Tests", "zOrdo.Tests\zOrdo.Tests.csproj", "{31453F24-D270-42CC-ADD6-EFB3B55DC8C9}"
EndProject
Global
	GlobalSection(SolutionConfigurationPlatforms) = preSolution
		Debug|Any CPU = Debug|Any CPU
		Release|Any CPU = Release|Any CPU
	EndGlobalSection
	GlobalSection(ProjectConfigurationPlatforms) = postSolution
		{EF345C28-93E1-4A11-87AB-E200C991E727}.Debug|Any CPU.ActiveCfg = Debug|Any CPU
		{EF345C28-93E1-4A11-87AB-E200C991E727}.Debug|Any CPU.Build.0 = Debug|Any CPU
		{EF345C28-93E1-4A11-87AB-E200C991E727}.Release|Any CPU.ActiveCfg = Release|Any CPU
		{EF345C28-93E1-4A11-87AB-E200C991E727}.Release|Any CPU.Build.0 = Release|Any CPU
		{544C92E8-5476-44E4-9146-2E5EF02BB5C2}.Debug|Any CPU.ActiveCfg = Debug|Any CPU
		{544C92E8-5476-44E4-9146-2E5EF02BB5C2}.Debug|Any CPU.Build.0 = Debug|Any CPU
		{544C92E8-5476-44E4-9146-2E5EF02BB5C2}.Release|Any CPU.ActiveCfg = Release|Any CPU
		{544C92E8-5476-44E4-9146-2E5EF02BB5C2}.Release|Any CPU.Build.0 = Release|Any CPU
		{ECA0D056-DAFA-4FA3-BF6F-0287F6A0660D}.Debug|Any CPU.ActiveCfg = Debug|Any CPU
		{ECA0D056-DAFA-4FA3-BF6F-0287F6A0660D}.Debug|Any CPU.Build.0 = Debug|Any CPU
		{ECA0D056-DAFA-4FA3-BF6F-0287F6A0660D}.Release|Any CPU.ActiveCfg = Release|Any CPU
		{ECA0D056-DAFA-4FA3-BF6F-0287F6A0660D}.Release|Any CPU.Build.0 = Release|Any CPU
		{C1E10674-89B4-4A71-874C-845A251ED216}.Debug|Any CPU.ActiveCfg = Debug|Any CPU
		{C1E10674-89B4-4A71-874C-845A251ED216}.Debug|Any CPU.Build.0 = Debug|Any CPU
		{C1E10674-89B4-4A71-874C-845A251ED216}.Release|Any CPU.ActiveCfg = Release|Any CPU
		{C1E10674-89B4-4A71-874C-845A251ED216}.Release|Any CPU.Build.0 = Release|Any CPU
		{B4F0D192-8FDF-4FCD-A36C-B68AB09F5298}.Debug|Any CPU.ActiveCfg = Debug|Any CPU
		{B4F0D192-8FDF-4FCD-A36C-B68AB09F5298}.Debug|Any CPU.Build.0 = Debug|Any CPU
		{B4F0D192-8FDF-4FCD-A36C-B68AB09F5298}.Release|Any CPU.ActiveCfg = Release|Any CPU
		{B4F0D192-8FDF-4FCD-A36C-B68AB09F5298}.Release|Any CPU.Build.0 = Release|Any CPU
		{56184D8F-3726-4A90-B512-EAEC1245F2EF}.Debug|Any CPU.ActiveCfg = Debug|Any CPU
		{56184D8F-3726-4A90-B512-EAEC1245F2EF}.Debug|Any CPU.Build.0 = Debug|Any CPU
		{56184D8F-3726-4A90-B512-EAEC1245F2EF}.Release|Any CPU.ActiveCfg = Release|Any CPU
		{56184D8F-3726-4A90-B512-EAEC1245F2EF}.Release|Any CPU.Build.0 = Release|Any CPU
		{31453F24-D270-42CC-ADD6-EFB3B55DC8C9}.Debug|Any CPU.ActiveCfg = Debug|Any CPU
		{31453F24-D270-42CC-ADD6-EFB3B55DC8C9}.Debug|Any CPU.Build.0 = Debug|Any CPU
		{31453F24-D270-42CC-ADD6-EFB3B55DC8C9}.Release|Any CPU.ActiveCfg = Release|Any CPU
		{31453F24-D270-42CC-ADD6-EFB3B55DC8C9}.Release|Any CPU.Build.0 = Release|Any CPU
	EndGlobalSection
EndGlobal
