
Microsoft Visual Studio Solution File, Format Version 12.00
Project("{FAE04EC0-301F-11D3-BF4B-00C04F79EFBC}") = "zOrdo", "zOrdo\zOrdo.csproj", "{EF345C28-93E1-4A11-87AB-E200C991E727}"
EndProject
Global
	GlobalSection(SolutionConfigurationPlatforms) = preSolution
		Debug|Any CPU = Debug|Any CPU
		Release|Any CPU = Release|Any CPU
	EndGlobalSection
	GlobalSection(ProjectConfigurationPlatforms) = postSolution
		{EF345C28-93E1-4A11-87AB-E200C991E727}.Debug|Any CPU.ActiveCfg = Debug|Any CPU
		{EF345C28-93E1-4A11-87AB-E200C991E727}.Debug|Any CPU.Build.0 = Debug|Any CPU
		{EF345C28-93E1-4A11-87AB-E200C991E727}.Release|Any CPU.ActiveCfg = Release|Any CPU
		{EF345C28-93E1-4A11-87AB-E200C991E727}.Release|Any CPU.Build.0 = Release|Any CPU
	EndGlobalSection
EndGlobal
